# This file is generated by running "yarn install" inside your project.
# Manual changes might be lost - proceed with caution!

__metadata:
  version: 6
  cacheKey: 8

"commander@npm:^9.4.0":
  version: 9.4.0
  resolution: "commander@npm:9.4.0"
  checksum: a322de584a6ccd1ea83c24f6a660e52d16ffbe2613fcfbb8d2cc68bc9dec637492456d754fe8bb5b039ad843ed8e04fb0b107e581a75f62cde9e1a0ab1546e09
  languageName: node
  linkType: hard

"ts-inter@file:../..::locator=zod%40workspace%3A.":
  version: 0.0.1
  resolution: "ts-inter@file:../..#../..::hash=5cca3e&locator=zod%40workspace%3A."
  dependencies:
    commander: ^9.4.0
  peerDependencies:
    typescript: "*"
  bin:
    ts-inter: dist/cjs/bin.js
  checksum: 3d94934ec072cc19564cce37c6c14d24811b82c11da4b822c74b1b827e37bc55bff7821b242a26c7e72bab37550795aad8da3e33066aa3c2ef8cc17d866e6eb5
  languageName: node
  linkType: hard

"zod@npm:^3.18.0":
  version: 3.18.0
  resolution: "zod@npm:3.18.0"
  checksum: 86a9a9928f4b40a07020d4b9832842fa4a70050c2d7bd1b2866bc1acfd734aa53a40f87a99a4312a637341a608b0105770c7a1f83b56df78e97691b4f5badcd8
  languageName: node
  linkType: hard

"zod@workspace:.":
  version: 0.0.0-use.local
  resolution: "zod@workspace:."
  dependencies:
    ts-inter: ../..
    zod: ^3.18.0
  languageName: unknown
  linkType: soft
